
Microsoft Visual Studio Solution File, Format Version 12.00
# Visual Studio 2012
Project("{FAE04EC0-301F-11D3-BF4B-00C04F79EFBC}") = "KetClass", "KetClass.csproj", "{97335362-55A9-4DA7-82B4-89000820434C}"
EndProject
Global
	GlobalSection(SolutionConfigurationPlatforms) = preSolution
		Debug|Any CPU = Debug|Any CPU
		Release|Any CPU = Release|Any CPU
	EndGlobalSection
	GlobalSection(ProjectConfigurationPlatforms) = postSolution
		{97335362-55A9-4DA7-82B4-89000820434C}.Debug|Any CPU.ActiveCfg = Debug|Any CPU
		{97335362-55A9-4DA7-82B4-89000820434C}.Debug|Any CPU.Build.0 = Debug|Any CPU
		{97335362-55A9-4DA7-82B4-89000820434C}.Release|Any CPU.ActiveCfg = Release|Any CPU
		{97335362-55A9-4DA7-82B4-89000820434C}.Release|Any CPU.Build.0 = Release|Any CPU
	EndGlobalSection
	GlobalSection(SolutionProperties) = preSolution
		HideSolutionNode = FALSE
	EndGlobalSection
EndGlobal
